{
  "requires": true,
  "lockfileVersion": 1,
  "dependencies": {
    "bootstrap-select": {
      "version": "1.13.12",
      "resolved": "https://registry.npmjs.org/bootstrap-select/-/bootstrap-select-1.13.12.tgz",
      "integrity": "sha512-epsPt6WpgmL9Q9Y22JFntajdhhqvCwV/JKiBZF3YFvMHK9YzzDPQft/Cjqvsgq0bhF32BlvG03Qs3qA/pVRAqQ=="
    },
    "bootstrap-table": {
      "version": "1.15.5",
      "resolved": "https://registry.npmjs.org/bootstrap-table/-/bootstrap-table-1.15.5.tgz",
      "integrity": "sha512-3T0Z7Htd1Ur3Pjxz3+oJE+pocaq/Rw8P+9uGGtXrEmiQqNBhq6DzVNLAnJPgKpouz24KZpDKXpqfuV8t+VqzkQ=="
    },
    "bower": {
      "version": "1.8.8",
      "resolved": "https://registry.npmjs.org/bower/-/bower-1.8.8.tgz",
      "integrity": "sha512-1SrJnXnkP9soITHptSO+ahx3QKp3cVzn8poI6ujqc5SeOkg5iqM1pK9H+DSc2OQ8SnO0jC/NG4Ur/UIwy7574A=="
    }
  }
}
